<?xml version="1.0" encoding="utf-8"?>
<Project ToolsVersion="4.0" xmlns="http://schemas.microsoft.com/developer/msbuild/2003">
  <ItemGroup>
    <Filter Include="Code">
      <UniqueIdentifier>{4df88735-e93d-40fe-9ba0-2343cf863b5f}</UniqueIdentifier>
    </Filter>
    <Filter Include="Code\util">
      <UniqueIdentifier>{c9f58d18-bbbd-4e4d-b142-3948e072eb5d}</UniqueIdentifier>
    </Filter>
    <Filter Include="Code\imgui">
      <UniqueIdentifier>{729bd90d-601a-46bb-960f-1f02fc846003}</UniqueIdentifier>
    </Filter>
  </ItemGroup>
  <ItemGroup>
    <ClCompile Include="Main.cpp">
      <Filter>Code</Filter>
    </ClCompile>
    <ClCompile Include="proc.cpp">
      <Filter>Code\util</Filter>
    </ClCompile>
    <ClCompile Include="include\imgui\imgui.cpp">
      <Filter>Code\imgui</Filter>
    </ClCompile>
    <ClCompile Include="include\imgui\imgui_demo.cpp">
      <Filter>Code\imgui</Filter>
    </ClCompile>
    <ClCompile Include="include\imgui\imgui_draw.cpp">
      <Filter>Code\imgui</Filter>
    </ClCompile>
    <ClCompile Include="include\imgui\imgui_impl_glfw.cpp">
      <Filter>Code\imgui</Filter>
    </ClCompile>
    <ClCompile Include="include\imgui\imgui_impl_opengl3.cpp">
      <Filter>Code\imgui</Filter>
    </ClCompile>
    <ClCompile Include="include\imgui\imgui_tables.cpp">
      <Filter>Code\imgui</Filter>
    </ClCompile>
    <ClCompile Include="include\imgui\imgui_widgets.cpp">
      <Filter>Code\imgui</Filter>
    </ClCompile>
  </ItemGroup>
  <ItemGroup>
    <ClInclude Include="proc.h">
      <Filter>Code\util</Filter>
    </ClInclude>
    <ClInclude Include="math.h">
      <Filter>Code\util</Filter>
    </ClInclude>
    <ClInclude Include="offsets.h">
      <Filter>Code\util</Filter>
    </ClInclude>
    <ClInclude Include="Config.h">
      <Filter>Code</Filter>
    </ClInclude>
  </ItemGroup>
</Project>